
Microsoft Visual Studio Solution File, Format Version 12.00
# Visual Studio Version 17
VisualStudioVersion = 17.13.35919.96 d17.13
MinimumVisualStudioVersion = 10.0.40219.1
Project("{FAE04EC0-301F-11D3-BF4B-00C04F79EFBC}") = "EFIstatistikProjesi", "EFIstatistikProjesi\EFIstatistikProjesi.csproj", "{33AE633A-6C5D-49FA-82CD-1F6B8F0E2BAE}"
EndProject
Global
	GlobalSection(SolutionConfigurationPlatforms) = preSolution
		Debug|Any CPU = Debug|Any CPU
		Release|Any CPU = Release|Any CPU
	EndGlobalSection
	GlobalSection(ProjectConfigurationPlatforms) = postSolution
		{33AE633A-6C5D-49FA-82CD-1F6B8F0E2BAE}.Debug|Any CPU.ActiveCfg = Debug|Any CPU
		{33AE633A-6C5D-49FA-82CD-1F6B8F0E2BAE}.Debug|Any CPU.Build.0 = Debug|Any CPU
		{33AE633A-6C5D-49FA-82CD-1F6B8F0E2BAE}.Release|Any CPU.ActiveCfg = Release|Any CPU
		{33AE633A-6C5D-49FA-82CD-1F6B8F0E2BAE}.Release|Any CPU.Build.0 = Release|Any CPU
	EndGlobalSection
	GlobalSection(SolutionProperties) = preSolution
		HideSolutionNode = FALSE
	EndGlobalSection
	GlobalSection(ExtensibilityGlobals) = postSolution
		SolutionGuid = {55455491-80E3-40E3-BBEB-D85E44462520}
	EndGlobalSection
EndGlobal
